
Microsoft Visual Studio Solution File, Format Version 11.00
# Visual Studio 2010
Project("{FAE04EC0-301F-11D3-BF4B-00C04F79EFBC}") = "consoledialogs", "consoledialogs.csproj", "{7A504957-358B-4BF9-9C3C-AE498BB7704C}"
EndProject
Global
	GlobalSection(SolutionConfigurationPlatforms) = preSolution
		Debug|Any CPU = Debug|Any CPU
		Release|Any CPU = Release|Any CPU
	EndGlobalSection
	GlobalSection(ProjectConfigurationPlatforms) = postSolution
		{7A504957-358B-4BF9-9C3C-AE498BB7704C}.Debug|Any CPU.ActiveCfg = Debug|Any CPU
		{7A504957-358B-4BF9-9C3C-AE498BB7704C}.Debug|Any CPU.Build.0 = Debug|Any CPU
		{7A504957-358B-4BF9-9C3C-AE498BB7704C}.Release|Any CPU.ActiveCfg = Release|Any CPU
		{7A504957-358B-4BF9-9C3C-AE498BB7704C}.Release|Any CPU.Build.0 = Release|Any CPU
	EndGlobalSection
	GlobalSection(MonoDevelopProperties) = preSolution
		StartupItem = consoledialogs.csproj
	EndGlobalSection
EndGlobal
