
Microsoft Visual Studio Solution File, Format Version 12.00
# Visual Studio 2012
Project("{FAE04EC0-301F-11D3-BF4B-00C04F79EFBC}") = "shellforms", "shellforms\shellforms.csproj", "{EACDEBEA-DC34-437E-BA4A-BC2B346A6035}"
EndProject
Project("{FAE04EC0-301F-11D3-BF4B-00C04F79EFBC}") = "shellforms.tests", "shellforms.tests\shellforms.tests.csproj", "{C3B00181-956F-4366-B1C4-46864F1CA89B}"
EndProject
Global
	GlobalSection(SolutionConfigurationPlatforms) = preSolution
		Debug|Any CPU = Debug|Any CPU
		Release|Any CPU = Release|Any CPU
	EndGlobalSection
	GlobalSection(ProjectConfigurationPlatforms) = postSolution
		{C3B00181-956F-4366-B1C4-46864F1CA89B}.Debug|Any CPU.ActiveCfg = Debug|Any CPU
		{C3B00181-956F-4366-B1C4-46864F1CA89B}.Debug|Any CPU.Build.0 = Debug|Any CPU
		{C3B00181-956F-4366-B1C4-46864F1CA89B}.Release|Any CPU.ActiveCfg = Release|Any CPU
		{C3B00181-956F-4366-B1C4-46864F1CA89B}.Release|Any CPU.Build.0 = Release|Any CPU
		{EACDEBEA-DC34-437E-BA4A-BC2B346A6035}.Debug|Any CPU.ActiveCfg = Debug|Any CPU
		{EACDEBEA-DC34-437E-BA4A-BC2B346A6035}.Debug|Any CPU.Build.0 = Debug|Any CPU
		{EACDEBEA-DC34-437E-BA4A-BC2B346A6035}.Release|Any CPU.ActiveCfg = Release|Any CPU
		{EACDEBEA-DC34-437E-BA4A-BC2B346A6035}.Release|Any CPU.Build.0 = Release|Any CPU
	EndGlobalSection
	GlobalSection(MonoDevelopProperties) = preSolution
		StartupItem = shellforms.tests\shellforms.tests.csproj
	EndGlobalSection
EndGlobal
